{
  "version": 4,
  "terraform_version": "1.6.6",
  "serial": 15,
  "lineage": "9aabcacf-83d5-cfb0-03ac-f31fe7a536ba",
  "outputs": {
    "cluster_ca_certificate": {
      "value": "LS0tLS1CRUdJTiBDRVJUSUZJQ0FURS0tLS0tCk1JSURCVENDQWUyZ0F3SUJBZ0lJUWg5cEdWdGxXWEl3RFFZSktvWklodmNOQVFFTEJRQXdGVEVUTUJFR0ExVUUKQXhNS2EzVmlaWEp1WlhSbGN6QWVGdzB5TlRFd01qZ3dOek00TVRWYUZ3MHpOVEV3TWpZd056UXpNVFZhTUJVeApFekFSQmdOVkJBTVRDbXQxWW1WeWJtVjBaWE13Z2dFaU1BMEdDU3FHU0liM0RRRUJBUVVBQTRJQkR3QXdnZ0VLCkFvSUJBUURBMmE2bGFhTTE5NU54MXpheW1CUytlKzYxOXBueVk3NzVGRUNRVnBJQk9RdUlNamhOb0xlUzhYZngKNUN2TTdxZFlOQkpUb0tpOCsraFBJamlhWjFOdGxSN0NUeStqVmNEZW5WQmlaZll6QzVZNHFxc3l4MFZOM0lNagpiKzlkcjVnQjlFUkUxWkg4TEVjdWpqZ1hEckhYSUplaG9DWjBhbkdoY21vZGdzZVFmZyswZTRDTDhvSkZFeUJJCitBNyswNTNNUmVZRU9ScXJ2NlBaQkxVWXMvTmNKTWVPQlh6bFBwZ2VDbHo3S2N5V2JUd2pRMmRMdU00T0FCYTUKakVqR2ZuZVhWMUhjN1daQ2JYdlRVS3pIaGNVUWs1SFFYaXZRT0F4VWhYU0RqWUdGZDB1bG1wMVVOT1dkbGhnZgpZeG84VWZpbE5meGxTVkdNZnlQTTIzbEhRdnh4QWdNQkFBR2pXVEJYTUE0R0ExVWREd0VCL3dRRUF3SUNwREFQCkJnTlZIUk1CQWY4RUJUQURBUUgvTUIwR0ExVWREZ1FXQkJTQmFqb3hDOGI1N1FUMWhJZXl4UElERm5RQ296QVYKQmdOVkhSRUVEakFNZ2dwcmRXSmxjbTVsZEdWek1BMEdDU3FHU0liM0RRRUJDd1VBQTRJQkFRQnFjK3BXY0dIaQp5TS9Fa0hHZkZDNCtQMjk5dzRpRGRRdlo5U0FkbDRhSG1md0ZqSVZxaGdVZzAxRFhyaytkUytPZU55ZnM4Mi9BCm0zdy9SdVp3NncxNm9vRkV4ZThtTW9TR1Y4WVRFYVlhcU5zbW8vbGRuTk9IZVhxV3g3SkNzTHBzOTBreEI2QlYKZ1FpT25nUEMzUVgydjhwTDN5MDk4TkJrQjZFa3NLaTVQY1dGL0JzMFJ3RTY3VW5BbGJuUmVWdDRzUjR1SmtDbgo4azkrUTB0aVN0cUlld3BTcUowN0paNzFhK3lPK0JodmJJMDY1QzNucWQ3SVd2UEsrdHRXSHNpYnpzb0FJTDd0CjBMdmR4cVJXbVRUcGtmZytGVmZ4bU5SbE1MNjFXQTg3MUJOcS9LZ203ckRZV0kwbUc5SkpBeDBnMXFla2h4TngKQ2duL2tkY3lzMzNuCi0tLS0tRU5EIENFUlRJRklDQVRFLS0tLS0K",
      "type": "string"
    },
    "cluster_endpoint": {
      "value": "https://357D2C37610C7E508CC66087280CCD5A.gr7.ca-central-1.eks.amazonaws.com",
      "type": "string"
    },
    "cluster_name": {
      "value": "rabbitmq-eks-cluster",
      "type": "string"
    }
  },
  "resources": [
    {
      "mode": "managed",
      "type": "aws_eks_cluster",
      "name": "eks_cluster",
      "provider": "provider[\"registry.terraform.io/hashicorp/aws\"]",
      "instances": [
        {
          "schema_version": 0,
          "attributes": {
            "arn": "arn:aws:eks:ca-central-1:526932954805:cluster/rabbitmq-eks-cluster",
            "certificate_authority": [
              {
                "data": "LS0tLS1CRUdJTiBDRVJUSUZJQ0FURS0tLS0tCk1JSURCVENDQWUyZ0F3SUJBZ0lJUWg5cEdWdGxXWEl3RFFZSktvWklodmNOQVFFTEJRQXdGVEVUTUJFR0ExVUUKQXhNS2EzVmlaWEp1WlhSbGN6QWVGdzB5TlRFd01qZ3dOek00TVRWYUZ3MHpOVEV3TWpZd056UXpNVFZhTUJVeApFekFSQmdOVkJBTVRDbXQxWW1WeWJtVjBaWE13Z2dFaU1BMEdDU3FHU0liM0RRRUJBUVVBQTRJQkR3QXdnZ0VLCkFvSUJBUURBMmE2bGFhTTE5NU54MXpheW1CUytlKzYxOXBueVk3NzVGRUNRVnBJQk9RdUlNamhOb0xlUzhYZngKNUN2TTdxZFlOQkpUb0tpOCsraFBJamlhWjFOdGxSN0NUeStqVmNEZW5WQmlaZll6QzVZNHFxc3l4MFZOM0lNagpiKzlkcjVnQjlFUkUxWkg4TEVjdWpqZ1hEckhYSUplaG9DWjBhbkdoY21vZGdzZVFmZyswZTRDTDhvSkZFeUJJCitBNyswNTNNUmVZRU9ScXJ2NlBaQkxVWXMvTmNKTWVPQlh6bFBwZ2VDbHo3S2N5V2JUd2pRMmRMdU00T0FCYTUKakVqR2ZuZVhWMUhjN1daQ2JYdlRVS3pIaGNVUWs1SFFYaXZRT0F4VWhYU0RqWUdGZDB1bG1wMVVOT1dkbGhnZgpZeG84VWZpbE5meGxTVkdNZnlQTTIzbEhRdnh4QWdNQkFBR2pXVEJYTUE0R0ExVWREd0VCL3dRRUF3SUNwREFQCkJnTlZIUk1CQWY4RUJUQURBUUgvTUIwR0ExVWREZ1FXQkJTQmFqb3hDOGI1N1FUMWhJZXl4UElERm5RQ296QVYKQmdOVkhSRUVEakFNZ2dwcmRXSmxjbTVsZEdWek1BMEdDU3FHU0liM0RRRUJDd1VBQTRJQkFRQnFjK3BXY0dIaQp5TS9Fa0hHZkZDNCtQMjk5dzRpRGRRdlo5U0FkbDRhSG1md0ZqSVZxaGdVZzAxRFhyaytkUytPZU55ZnM4Mi9BCm0zdy9SdVp3NncxNm9vRkV4ZThtTW9TR1Y4WVRFYVlhcU5zbW8vbGRuTk9IZVhxV3g3SkNzTHBzOTBreEI2QlYKZ1FpT25nUEMzUVgydjhwTDN5MDk4TkJrQjZFa3NLaTVQY1dGL0JzMFJ3RTY3VW5BbGJuUmVWdDRzUjR1SmtDbgo4azkrUTB0aVN0cUlld3BTcUowN0paNzFhK3lPK0JodmJJMDY1QzNucWQ3SVd2UEsrdHRXSHNpYnpzb0FJTDd0CjBMdmR4cVJXbVRUcGtmZytGVmZ4bU5SbE1MNjFXQTg3MUJOcS9LZ203ckRZV0kwbUc5SkpBeDBnMXFla2h4TngKQ2duL2tkY3lzMzNuCi0tLS0tRU5EIENFUlRJRklDQVRFLS0tLS0K"
              }
            ],
            "cluster_id": null,
            "created_at": "2025-10-28 07:37:36.564 +0000 UTC",
            "enabled_cluster_log_types": [],
            "encryption_config": [],
            "endpoint": "https://357D2C37610C7E508CC66087280CCD5A.gr7.ca-central-1.eks.amazonaws.com",
            "id": "rabbitmq-eks-cluster",
            "identity": [
              {
                "oidc": [
                  {
                    "issuer": "https://oidc.eks.ca-central-1.amazonaws.com/id/357D2C37610C7E508CC66087280CCD5A"
                  }
                ]
              }
            ],
            "kubernetes_network_config": [
              {
                "ip_family": "ipv4",
                "service_ipv4_cidr": "172.20.0.0/16",
                "service_ipv6_cidr": ""
              }
            ],
            "name": "rabbitmq-eks-cluster",
            "outpost_config": [],
            "platform_version": "eks.26",
            "role_arn": "arn:aws:iam::526932954805:role/EKS-Cluster-Role",
            "status": "ACTIVE",
            "tags": {},
            "tags_all": {},
            "timeouts": null,
            "version": "1.32",
            "vpc_config": [
              {
                "cluster_security_group_id": "sg-00ffa771403a2197f",
                "endpoint_private_access": false,
                "endpoint_public_access": true,
                "public_access_cidrs": [
                  "0.0.0.0/0"
                ],
                "security_group_ids": [
                  "sg-0d9057d4c94003a43"
                ],
                "subnet_ids": [
                  "subnet-071da9fb3cb7e0b9b",
                  "subnet-0ae609ed20d096c4e"
                ],
                "vpc_id": "vpc-0f0187e88ddd1f7b7"
              }
            ]
          },
          "sensitive_attributes": [],
          "private": "eyJlMmJmYjczMC1lY2FhLTExZTYtOGY4OC0zNDM2M2JjN2M0YzAiOnsiY3JlYXRlIjoxODAwMDAwMDAwMDAwLCJkZWxldGUiOjkwMDAwMDAwMDAwMCwidXBkYXRlIjozNjAwMDAwMDAwMDAwfX0="
        }
      ]
    },
    {
      "mode": "managed",
      "type": "aws_eks_node_group",
      "name": "eks_node_group",
      "provider": "provider[\"registry.terraform.io/hashicorp/aws\"]",
      "instances": [
        {
          "schema_version": 0,
          "attributes": {
            "ami_type": "AL2023_x86_64_STANDARD",
            "arn": "arn:aws:eks:ca-central-1:526932954805:nodegroup/rabbitmq-eks-cluster/rabbitmq-eks-cluster-node-group/50cd1510-62a4-cc07-3e45-e23424ff53cd",
            "capacity_type": "ON_DEMAND",
            "cluster_name": "rabbitmq-eks-cluster",
            "disk_size": 20,
            "force_update_version": null,
            "id": "rabbitmq-eks-cluster:rabbitmq-eks-cluster-node-group",
            "instance_types": [
              "t3.micro"
            ],
            "labels": {},
            "launch_template": [],
            "node_group_name": "rabbitmq-eks-cluster-node-group",
            "node_group_name_prefix": "",
            "node_role_arn": "arn:aws:iam::526932954805:role/EKS-Worker-Node",
            "release_version": "1.32.9-20251023",
            "remote_access": [],
            "resources": [
              {
                "autoscaling_groups": [
                  {
                    "name": "eks-rabbitmq-eks-cluster-node-group-50cd1510-62a4-cc07-3e45-e23424ff53cd"
                  }
                ],
                "remote_access_security_group_id": ""
              }
            ],
            "scaling_config": [
              {
                "desired_size": 3,
                "max_size": 4,
                "min_size": 1
              }
            ],
            "status": "ACTIVE",
            "subnet_ids": [
              "subnet-071da9fb3cb7e0b9b",
              "subnet-0ae609ed20d096c4e"
            ],
            "tags": {},
            "tags_all": {},
            "taint": [],
            "timeouts": null,
            "update_config": [
              {
                "max_unavailable": 1,
                "max_unavailable_percentage": 0
              }
            ],
            "version": "1.32"
          },
          "sensitive_attributes": [],
          "private": "eyJlMmJmYjczMC1lY2FhLTExZTYtOGY4OC0zNDM2M2JjN2M0YzAiOnsiY3JlYXRlIjozNjAwMDAwMDAwMDAwLCJkZWxldGUiOjM2MDAwMDAwMDAwMDAsInVwZGF0ZSI6MzYwMDAwMDAwMDAwMH19",
          "dependencies": [
            "aws_eks_cluster.eks_cluster"
          ]
        }
      ]
    }
  ],
  "check_results": null
}
